{
  "nodes": {
    "arion": {
      "inputs": {
        "flake-parts": "flake-parts",
        "haskell-flake": "haskell-flake",
        "nixpkgs": [
          "nixpkgs"
        ]
      },
      "locked": {
        "lastModified": 1770259557,
        "narHash": "sha256-EvZ09k9+mzXAngPzU2K7oLLUDlKoT1numb4bDb3Gtl4=",
        "owner": "hercules-ci",
        "repo": "arion",
        "rev": "9b24cf65c72cb0e9616e437d55e1ac8e5c6bc715",
        "type": "github"
      },
      "original": {
        "owner": "hercules-ci",
        "repo": "arion",
        "type": "github"
      }
    },
    "flake-compat": {
      "flake": false,
      "locked": {
        "lastModified": 1767039857,
        "narHash": "sha256-vNpUSpF5Nuw8xvDLj2KCwwksIbjua2LZCqhV1LNRDns=",
        "owner": "edolstra",
        "repo": "flake-compat",
        "rev": "5edf11c44bc78a0d334f6334cdaf7d60d732daab",
        "type": "github"
      },
      "original": {
        "owner": "edolstra",
        "repo": "flake-compat",
        "type": "github"
      }
    },
    "flake-parts": {
      "inputs": {
        "nixpkgs-lib": [
          "arion",
          "nixpkgs"
        ]
      },
      "locked": {
        "lastModified": 1769996383,
        "narHash": "sha256-AnYjnFWgS49RlqX7LrC4uA+sCCDBj0Ry/WOJ5XWAsa0=",
        "owner": "hercules-ci",
        "repo": "flake-parts",
        "rev": "57928607ea566b5db3ad13af0e57e921e6b12381",
        "type": "github"
      },
      "original": {
        "owner": "hercules-ci",
        "repo": "flake-parts",
        "type": "github"
      }
    },
    "flake-utils": {
      "inputs": {
        "systems": "systems"
      },
      "locked": {
        "lastModified": 1731533236,
        "narHash": "sha256-l0KFg5HjrsfsO/JpG+r7fRrqm12kzFHyUHqHCVpMMbI=",
        "owner": "numtide",
        "repo": "flake-utils",
        "rev": "11707dc2f618dd54ca8739b309ec4fc024de578b",
        "type": "github"
      },
      "original": {
        "owner": "numtide",
        "repo": "flake-utils",
        "type": "github"
      }
    },
    "flake-utils_2": {
      "inputs": {
        "systems": "systems_2"
      },
      "locked": {
        "lastModified": 1731533236,
        "narHash": "sha256-l0KFg5HjrsfsO/JpG+r7fRrqm12kzFHyUHqHCVpMMbI=",
        "owner": "numtide",
        "repo": "flake-utils",
        "rev": "11707dc2f618dd54ca8739b309ec4fc024de578b",
        "type": "github"
      },
      "original": {
        "owner": "numtide",
        "repo": "flake-utils",
        "type": "github"
      }
    },
    "flakey-profile": {
      "locked": {
        "lastModified": 1712898590,
        "narHash": "sha256-FhGIEU93VHAChKEXx905TSiPZKga69bWl1VB37FK//I=",
        "owner": "lf-",
        "repo": "flakey-profile",
        "rev": "243c903fd8eadc0f63d205665a92d4df91d42d9d",
        "type": "github"
      },
      "original": {
        "owner": "lf-",
        "repo": "flakey-profile",
        "type": "github"
      }
    },
    "haskell-flake": {
      "locked": {
        "lastModified": 1675296942,
        "narHash": "sha256-u1X1sblozi5qYEcLp1hxcyo8FfDHnRUVX3dJ/tW19jY=",
        "owner": "srid",
        "repo": "haskell-flake",
        "rev": "c2cafce9d57bfca41794dc3b99c593155006c71e",
        "type": "github"
      },
      "original": {
        "owner": "srid",
        "ref": "0.1.0",
        "repo": "haskell-flake",
        "type": "github"
      }
    },
    "home-manager": {
      "inputs": {
        "nixpkgs": [
          "nixpkgs"
        ]
      },
      "locked": {
        "lastModified": 1775425411,
        "narHash": "sha256-KY6HsebJHEe5nHOWP7ur09mb0drGxYSzE3rQxy62rJo=",
        "owner": "nix-community",
        "repo": "home-manager",
        "rev": "0d02ec1d0a05f88ef9e74b516842900c41f0f2fe",
        "type": "github"
      },
      "original": {
        "owner": "nix-community",
        "ref": "release-25.11",
        "repo": "home-manager",
        "type": "github"
      }
    },
    "lix": {
      "flake": false,
      "locked": {
        "lastModified": 1774027344,
        "narHash": "sha256-tRg8zU/ZzWWWH+wnqW9o1NbgbgaquLR0shHUA5Sm+bg=",
        "rev": "daadfed9ae84d3126572ba3b2e7602cb21bf18a8",
        "type": "tarball",
        "url": "https://git.lix.systems/api/v1/repos/lix-project/lix/archive/daadfed9ae84d3126572ba3b2e7602cb21bf18a8.tar.gz?rev=daadfed9ae84d3126572ba3b2e7602cb21bf18a8"
      },
      "original": {
        "type": "tarball",
        "url": "https://git.lix.systems/lix-project/lix/archive/main.tar.gz"
      }
    },
    "lix-module": {
      "inputs": {
        "flake-utils": [
          "flake-utils"
        ],
        "flakey-profile": "flakey-profile",
        "lix": [
          "lix"
        ],
        "nixpkgs": [
          "nixpkgs"
        ]
      },
      "locked": {
        "lastModified": 1773460763,
        "narHash": "sha256-y9kC3ff89btXS8RD6pAtM50g0qtsim1I8HXBtgSqdbI=",
        "rev": "5e56f5a973e24292b125dca9e9d506b0a91d6903",
        "type": "tarball",
        "url": "https://git.lix.systems/api/v1/repos/lix-project/nixos-module/archive/5e56f5a973e24292b125dca9e9d506b0a91d6903.tar.gz?rev=5e56f5a973e24292b125dca9e9d506b0a91d6903"
      },
      "original": {
        "type": "tarball",
        "url": "https://git.lix.systems/lix-project/nixos-module/archive/main.tar.gz"
      }
    },
    "nix-index-database": {
      "inputs": {
        "nixpkgs": [
          "nixpkgs"
        ]
      },
      "locked": {
        "lastModified": 1777181277,
        "narHash": "sha256-yVJbd07ortDRAttDFmDV5p220aOLTHgVAx//0nW/xW8=",
        "owner": "nix-community",
        "repo": "nix-index-database",
        "rev": "b8eb7acee0f7604fe1bf6a5b3dcf5254369180fa",
        "type": "github"
      },
      "original": {
        "owner": "nix-community",
        "repo": "nix-index-database",
        "type": "github"
      }
    },
    "nix-lib": {
      "inputs": {
        "flake-utils": [
          "flake-utils"
        ],
        "nixpkgs": [
          "nixpkgs"
        ]
      },
      "locked": {
        "lastModified": 1774159040,
        "narHash": "sha256-U56XXLpumMlYqVN542ZuA8zuoMHx9cuYSKMkVTY5j3k=",
        "owner": "impure0xntk",
        "repo": "nix-lib",
        "rev": "009bd601b054d190cbaa051998c7a697405babea",
        "type": "github"
      },
      "original": {
        "owner": "impure0xntk",
        "repo": "nix-lib",
        "type": "github"
      }
    },
    "nix-lib_2": {
      "inputs": {
        "flake-utils": [
          "nix-pkgs",
          "flake-utils"
        ],
        "nixpkgs": [
          "nix-pkgs",
          "nixpkgs"
        ]
      },
      "locked": {
        "lastModified": 1770555307,
        "narHash": "sha256-ks0Gh/VBmCfQimpW7TpLHMl3W2O8H1ShE48BBaf/G+8=",
        "owner": "impure0xntk",
        "repo": "nix-lib",
        "rev": "b766ccfd1a2f0c3e01c9962f324149c572f63e6d",
        "type": "github"
      },
      "original": {
        "owner": "impure0xntk",
        "repo": "nix-lib",
        "type": "github"
      }
    },
    "nix-pkgs": {
      "inputs": {
        "flake-utils": [
          "flake-utils"
        ],
        "nix-lib": "nix-lib_2",
        "nixpkgs": [
          "nixpkgs"
        ],
        "nixpkgs-unstable": [
          "nixpkgs-unstable"
        ],
        "pyproject-build-systems": "pyproject-build-systems",
        "pyproject-nix": "pyproject-nix",
        "uv2nix": "uv2nix"
      },
      "locked": {
        "lastModified": 1776436988,
        "narHash": "sha256-rN77ph7K8yiKx0CTPQeRyCCYz5zfVGlG7jg1MX7O7QM=",
        "owner": "impure0xntk",
        "repo": "nix-pkgs",
        "rev": "aef521de7edcfbae44cd1b52b569e07f04c20b68",
        "type": "github"
      },
      "original": {
        "owner": "impure0xntk",
        "repo": "nix-pkgs",
        "type": "github"
      }
    },
    "nix-zeroclaw": {
      "inputs": {
        "flake-utils": "flake-utils_2",
        "nixpkgs": [
          "nixpkgs-unstable"
        ]
      },
      "locked": {
        "lastModified": 1774685832,
        "narHash": "sha256-oSlERZKVBeoGFuulhDw6sisD/4Vko8R8czOQuTjfBTw=",
        "owner": "impure0xntk",
        "repo": "nix-zeroclaw",
        "rev": "ba915296212ae083651f7e49ce2804c99e3a3756",
        "type": "github"
      },
      "original": {
        "owner": "impure0xntk",
        "repo": "nix-zeroclaw",
        "type": "github"
      }
    },
    "nixos": {
      "locked": {
        "lastModified": 1777077449,
        "narHash": "sha256-AIiMJiqvGrN4HyLEbKAoCSRRYn0rnlW5VbKNIMIYqm4=",
        "owner": "Nixos",
        "repo": "nixpkgs",
        "rev": "a4bf06618f0b5ee50f14ed8f0da77d34ecc19160",
        "type": "github"
      },
      "original": {
        "owner": "Nixos",
        "ref": "nixos-25.11",
        "repo": "nixpkgs",
        "type": "github"
      }
    },
    "nixos-wsl": {
      "inputs": {
        "flake-compat": "flake-compat",
        "nixpkgs": [
          "nixpkgs"
        ]
      },
      "locked": {
        "lastModified": 1776910211,
        "narHash": "sha256-0ku3gW8bZ9TTpEU2fQw86oU6ZLT2vF6pacF+cLaf7VY=",
        "owner": "nix-community",
        "repo": "NixOS-WSL",
        "rev": "4e6cad241baa0115a7aae8c55b04c166da4997c9",
        "type": "github"
      },
      "original": {
        "owner": "nix-community",
        "ref": "main",
        "repo": "NixOS-WSL",
        "type": "github"
      }
    },
    "nixpkgs": {
      "locked": {
        "lastModified": 1777218325,
        "narHash": "sha256-BTyrddjPMCPD8trz7v+KXkW7NjhnbcJPrgsMcoDAwpk=",
        "owner": "Nixos",
        "repo": "nixpkgs",
        "rev": "f989230df8af429ca4bd38f8303d4a489344203a",
        "type": "github"
      },
      "original": {
        "owner": "Nixos",
        "ref": "release-25.11",
        "repo": "nixpkgs",
        "type": "github"
      }
    },
    "nixpkgs-unstable": {
      "locked": {
        "lastModified": 1777218984,
        "narHash": "sha256-rfDXjItOCR8MmjA/eZzpdX7OkD4xMIxvC3290VMaUhU=",
        "owner": "Nixos",
        "repo": "nixpkgs",
        "rev": "f6f8219ce4be6b30ce8b7b67b7d4b6208637c70e",
        "type": "github"
      },
      "original": {
        "owner": "Nixos",
        "ref": "nixpkgs-unstable",
        "repo": "nixpkgs",
        "type": "github"
      }
    },
    "pyproject-build-systems": {
      "inputs": {
        "nixpkgs": [
          "nix-pkgs",
          "nixpkgs"
        ],
        "pyproject-nix": [
          "nix-pkgs",
          "pyproject-nix"
        ],
        "uv2nix": [
          "nix-pkgs",
          "uv2nix"
        ]
      },
      "locked": {
        "lastModified": 1771039651,
        "narHash": "sha256-WZOfX4APbc6vmL14ZWJXgBeRfEER8H+OIX0D0nSmv0M=",
        "owner": "pyproject-nix",
        "repo": "build-system-pkgs",
        "rev": "69bc2b53b79cbd6ce9f66f506fc962b45b5e68b9",
        "type": "github"
      },
      "original": {
        "owner": "pyproject-nix",
        "repo": "build-system-pkgs",
        "type": "github"
      }
    },
    "pyproject-nix": {
      "inputs": {
        "nixpkgs": [
          "nix-pkgs",
          "nixpkgs"
        ]
      },
      "locked": {
        "lastModified": 1769936401,
        "narHash": "sha256-kwCOegKLZJM9v/e/7cqwg1p/YjjTAukKPqmxKnAZRgA=",
        "owner": "nix-community",
        "repo": "pyproject.nix",
        "rev": "b0d513eeeebed6d45b4f2e874f9afba2021f7812",
        "type": "github"
      },
      "original": {
        "owner": "nix-community",
        "repo": "pyproject.nix",
        "type": "github"
      }
    },
    "root": {
      "inputs": {
        "arion": "arion",
        "flake-utils": "flake-utils",
        "home-manager": "home-manager",
        "lix": "lix",
        "lix-module": "lix-module",
        "nix-index-database": "nix-index-database",
        "nix-lib": "nix-lib",
        "nix-pkgs": "nix-pkgs",
        "nix-zeroclaw": "nix-zeroclaw",
        "nixos": "nixos",
        "nixos-wsl": "nixos-wsl",
        "nixpkgs": "nixpkgs",
        "nixpkgs-unstable": "nixpkgs-unstable",
        "sops-nix": "sops-nix"
      }
    },
    "sops-nix": {
      "inputs": {
        "nixpkgs": [
          "nixpkgs"
        ]
      },
      "locked": {
        "lastModified": 1776771786,
        "narHash": "sha256-DRFGPfFV6hbrfO9a1PH1FkCi7qR5FgjSqsQGGvk1rdI=",
        "owner": "Mic92",
        "repo": "sops-nix",
        "rev": "bef289e2248991f7afeb95965c82fbcd8ff72598",
        "type": "github"
      },
      "original": {
        "owner": "Mic92",
        "repo": "sops-nix",
        "type": "github"
      }
    },
    "systems": {
      "locked": {
        "lastModified": 1681028828,
        "narHash": "sha256-Vy1rq5AaRuLzOxct8nz4T6wlgyUR7zLU309k9mBC768=",
        "owner": "nix-systems",
        "repo": "default",
        "rev": "da67096a3b9bf56a91d16901293e51ba5b49a27e",
        "type": "github"
      },
      "original": {
        "owner": "nix-systems",
        "repo": "default",
        "type": "github"
      }
    },
    "systems_2": {
      "locked": {
        "lastModified": 1681028828,
        "narHash": "sha256-Vy1rq5AaRuLzOxct8nz4T6wlgyUR7zLU309k9mBC768=",
        "owner": "nix-systems",
        "repo": "default",
        "rev": "da67096a3b9bf56a91d16901293e51ba5b49a27e",
        "type": "github"
      },
      "original": {
        "owner": "nix-systems",
        "repo": "default",
        "type": "github"
      }
    },
    "uv2nix": {
      "inputs": {
        "nixpkgs": [
          "nix-pkgs",
          "nixpkgs"
        ],
        "pyproject-nix": [
          "nix-pkgs",
          "pyproject-nix"
        ]
      },
      "locked": {
        "lastModified": 1771245058,
        "narHash": "sha256-KD4AAqrQtSXFOLBd4vo+s8uaEaZMR38csgSZwklfwi4=",
        "owner": "adisbladis",
        "repo": "uv2nix",
        "rev": "978264ee45387bcce80b9938493acfae648d7c92",
        "type": "github"
      },
      "original": {
        "owner": "adisbladis",
        "repo": "uv2nix",
        "type": "github"
      }
    }
  },
  "root": "root",
  "version": 7
}
